<?xml version="1.0" encoding="utf-8"?>
<Project ToolsVersion="4.0" xmlns="http://schemas.microsoft.com/developer/msbuild/2003">
  <ItemGroup>
    <Filter Include="AEngine">
      <UniqueIdentifier>{7CCD3D38-E8AC-BCD3-F1C4-47AA5D232335}</UniqueIdentifier>
    </Filter>
    <Filter Include="AEngine\EventHandling">
      <UniqueIdentifier>{F2EACA45-5E57-8640-274B-1E9E9376A8A8}</UniqueIdentifier>
    </Filter>
    <Filter Include="AEngine\Math">
      <UniqueIdentifier>{D5FFA33C-C162-33E1-6AE8-6B97562AFF63}</UniqueIdentifier>
    </Filter>
    <Filter Include="AEngine\Platform">
      <UniqueIdentifier>{50F5E0D3-3CEE-FF25-6520-E5AA5178DF31}</UniqueIdentifier>
    </Filter>
    <Filter Include="AEngine\Platform\Windows">
      <UniqueIdentifier>{8AEFF6B8-7614-4639-9F5F-2BC98BE34457}</UniqueIdentifier>
    </Filter>
  </ItemGroup>
  <ItemGroup>
    <ClInclude Include="src\AEngine.h" />
    <ClInclude Include="src\AEngine\Application.h">
      <Filter>AEngine</Filter>
    </ClInclude>
    <ClInclude Include="src\AEngine\Core.h">
      <Filter>AEngine</Filter>
    </ClInclude>
    <ClInclude Include="src\AEngine\EntryPoint.h">
      <Filter>AEngine</Filter>
    </ClInclude>
    <ClInclude Include="src\AEngine\EventHandling\ApplicationEvent.h">
      <Filter>AEngine\EventHandling</Filter>
    </ClInclude>
    <ClInclude Include="src\AEngine\EventHandling\Event.h">
      <Filter>AEngine\EventHandling</Filter>
    </ClInclude>
    <ClInclude Include="src\AEngine\EventHandling\KeyEvent.h">
      <Filter>AEngine\EventHandling</Filter>
    </ClInclude>
    <ClInclude Include="src\AEngine\EventHandling\MouseEvent.h">
      <Filter>AEngine\EventHandling</Filter>
    </ClInclude>
    <ClInclude Include="src\AEngine\Layer.h">
      <Filter>AEngine</Filter>
    </ClInclude>
    <ClInclude Include="src\AEngine\LayerStack.h">
      <Filter>AEngine</Filter>
    </ClInclude>
    <ClInclude Include="src\AEngine\Log.h">
      <Filter>AEngine</Filter>
    </ClInclude>
    <ClInclude Include="src\AEngine\Math\Math.h">
      <Filter>AEngine\Math</Filter>
    </ClInclude>
    <ClInclude Include="src\AEngine\Platform\Windows\WindowsWindow.h">
      <Filter>AEngine\Platform\Windows</Filter>
    </ClInclude>
    <ClInclude Include="src\AEngine\Window.h">
      <Filter>AEngine</Filter>
    </ClInclude>
    <ClInclude Include="src\aepch.h" />
  </ItemGroup>
  <ItemGroup>
    <ClCompile Include="src\AEngine\Application.cpp">
      <Filter>AEngine</Filter>
    </ClCompile>
    <ClCompile Include="src\AEngine\Layer.cpp">
      <Filter>AEngine</Filter>
    </ClCompile>
    <ClCompile Include="src\AEngine\LayerStack.cpp">
      <Filter>AEngine</Filter>
    </ClCompile>
    <ClCompile Include="src\AEngine\Log.cpp">
      <Filter>AEngine</Filter>
    </ClCompile>
    <ClCompile Include="src\AEngine\Math\Math.cpp">
      <Filter>AEngine\Math</Filter>
    </ClCompile>
    <ClCompile Include="src\AEngine\Platform\Windows\WindowsWindow.cpp">
      <Filter>AEngine\Platform\Windows</Filter>
    </ClCompile>
    <ClCompile Include="src\aepch.cpp" />
  </ItemGroup>
</Project>