<?xml version="1.0" encoding="utf-8"?>
<Project ToolsVersion="4.0" xmlns="http://schemas.microsoft.com/developer/msbuild/2003">
  <ItemGroup>
    <Filter Include="AEngine">
      <UniqueIdentifier>{7CCD3D38-E8AC-BCD3-F1C4-47AA5D232335}</UniqueIdentifier>
    </Filter>
    <Filter Include="AEngine\EventHandling">
      <UniqueIdentifier>{F2EACA45-5E57-8640-274B-1E9E9376A8A8}</UniqueIdentifier>
    </Filter>
    <Filter Include="AEngine\Math">
      <UniqueIdentifier>{D5FFA33C-C162-33E1-6AE8-6B97562AFF63}</UniqueIdentifier>
    </Filter>
    <Filter Include="AEngine\core">
      <UniqueIdentifier>{744BB03C-60AE-3FE1-0934-7897F5750B64}</UniqueIdentifier>
    </Filter>
    <Filter Include="AEngine\window">
      <UniqueIdentifier>{036B2958-EF38-1D5E-D8CC-8D84C439F9C2}</UniqueIdentifier>
    </Filter>
    <Filter Include="AEngine\window\Platform">
      <UniqueIdentifier>{B7BABFA8-23F2-0740-2CFC-6B6398B22E39}</UniqueIdentifier>
    </Filter>
    <Filter Include="AEngine\window\Platform\Windows">
      <UniqueIdentifier>{F12BDC2C-5D0F-EB6C-6612-19A9D274B1BD}</UniqueIdentifier>
    </Filter>
  </ItemGroup>
  <ItemGroup>
    <ClInclude Include="src\AEngine.h" />
    <ClInclude Include="src\AEngine\Application.h">
      <Filter>AEngine</Filter>
    </ClInclude>
    <ClInclude Include="src\AEngine\Core.h">
      <Filter>AEngine</Filter>
    </ClInclude>
    <ClInclude Include="src\AEngine\EntryPoint.h">
      <Filter>AEngine</Filter>
    </ClInclude>
    <ClInclude Include="src\AEngine\EventHandling\ApplicationEvent.h">
      <Filter>AEngine\EventHandling</Filter>
    </ClInclude>
    <ClInclude Include="src\AEngine\EventHandling\Event.h">
      <Filter>AEngine\EventHandling</Filter>
    </ClInclude>
    <ClInclude Include="src\AEngine\EventHandling\KeyEvent.h">
      <Filter>AEngine\EventHandling</Filter>
    </ClInclude>
    <ClInclude Include="src\AEngine\EventHandling\MouseEvent.h">
      <Filter>AEngine\EventHandling</Filter>
    </ClInclude>
    <ClInclude Include="src\AEngine\Layer.h">
      <Filter>AEngine</Filter>
    </ClInclude>
    <ClInclude Include="src\AEngine\LayerStack.h">
      <Filter>AEngine</Filter>
    </ClInclude>
    <ClInclude Include="src\AEngine\Log.h">
      <Filter>AEngine</Filter>
    </ClInclude>
    <ClInclude Include="src\AEngine\Math\Math.h">
      <Filter>AEngine\Math</Filter>
    </ClInclude>
    <ClInclude Include="src\AEngine\core\CoreEngine.h">
      <Filter>AEngine\core</Filter>
    </ClInclude>
    <ClInclude Include="src\AEngine\core\Time.h">
      <Filter>AEngine\core</Filter>
    </ClInclude>
    <ClInclude Include="src\AEngine\window\GLFWWindowManager.h">
      <Filter>AEngine\window</Filter>
    </ClInclude>
    <ClInclude Include="src\AEngine\window\Platform\Windows\WindowsWindow.h">
      <Filter>AEngine\window\Platform\Windows</Filter>
    </ClInclude>
    <ClInclude Include="src\AEngine\window\Window.h">
      <Filter>AEngine\window</Filter>
    </ClInclude>
    <ClInclude Include="src\aepch.h" />
  </ItemGroup>
  <ItemGroup>
    <ClCompile Include="src\AEngine\Application.cpp">
      <Filter>AEngine</Filter>
    </ClCompile>
    <ClCompile Include="src\AEngine\Layer.cpp">
      <Filter>AEngine</Filter>
    </ClCompile>
    <ClCompile Include="src\AEngine\LayerStack.cpp">
      <Filter>AEngine</Filter>
    </ClCompile>
    <ClCompile Include="src\AEngine\Log.cpp">
      <Filter>AEngine</Filter>
    </ClCompile>
    <ClCompile Include="src\AEngine\Math\Math.cpp">
      <Filter>AEngine\Math</Filter>
    </ClCompile>
    <ClCompile Include="src\AEngine\core\CoreEngine.cpp">
      <Filter>AEngine\core</Filter>
    </ClCompile>
    <ClCompile Include="src\AEngine\core\Time.cpp">
      <Filter>AEngine\core</Filter>
    </ClCompile>
    <ClCompile Include="src\AEngine\window\GLFWWindowManager.cpp">
      <Filter>AEngine\window</Filter>
    </ClCompile>
    <ClCompile Include="src\AEngine\window\Platform\Windows\WindowsWindow.cpp">
      <Filter>AEngine\window\Platform\Windows</Filter>
    </ClCompile>
    <ClCompile Include="src\aepch.cpp" />
  </ItemGroup>
</Project>